
Microsoft Visual Studio Solution File, Format Version 12.00
# Visual Studio Version 17
VisualStudioVersion = 17.2.32616.157
MinimumVisualStudioVersion = 16.0.0
Project("{2150E333-8FDC-42A3-9474-1A3956D46DE8}") = "Solution Items", "Solution Items", "{FD549A95-E734-4E26-A5B2-2330FC310C8D}"
	ProjectSection(SolutionItems) = preProject
		CMakeLists.txt = CMakeLists.txt
		LICENSE = LICENSE
		msvc_setup.props = msvc_setup.props
		README.md = README.md
	EndProjectSection
EndProject
Project("{8BC9CEB8-8B4A-11D0-8D11-00A0C91BC942}") = "areg", "thirdparty\areg-sdk\framework\areg.vcxproj", "{2DF8165C-EDE2-4F76-8D2C-2FFE82CB6CE5}"
	ProjectSection(ProjectDependencies) = postProject
		{A3E5EE71-6F14-43FD-A80F-C7791FD64E9E} = {A3E5EE71-6F14-43FD-A80F-C7791FD64E9E}
	EndProjectSection
EndProject
Project("{8BC9CEB8-8B4A-11D0-8D11-00A0C91BC942}") = "areg-extensions", "thirdparty\areg-sdk\framework\areg-extensions.vcxproj", "{A3E5EE71-6F14-43FD-A80F-C7791FD64E9E}"
EndProject
Project("{8BC9CEB8-8B4A-11D0-8D11-00A0C91BC942}") = "mcrouter", "thirdparty\areg-sdk\framework\mcrouter.vcxproj", "{24A4F250-C09B-40BF-A6F2-25BD8ABBED6F}"
	ProjectSection(ProjectDependencies) = postProject
		{2DF8165C-EDE2-4F76-8D2C-2FFE82CB6CE5} = {2DF8165C-EDE2-4F76-8D2C-2FFE82CB6CE5}
		{A3E5EE71-6F14-43FD-A80F-C7791FD64E9E} = {A3E5EE71-6F14-43FD-A80F-C7791FD64E9E}
	EndProjectSection
EndProject
Project("{2150E333-8FDC-42A3-9474-1A3956D46DE8}") = "areg-sdk", "areg-sdk", "{0D45AC13-CA3A-467A-8CEB-254B023BABC1}"
EndProject
Project("{2150E333-8FDC-42A3-9474-1A3956D46DE8}") = "demos", "demos", "{290F262F-2ABF-4B0C-A63A-557E44D0AD5A}"
	ProjectSection(SolutionItems) = preProject
		demo\ReadMe.md = demo\ReadMe.md
	EndProjectSection
EndProject
Project("{8BC9CEB8-8B4A-11D0-8D11-00A0C91BC942}") = "01_hello", "demo\01_hello\01_hello.vcxproj", "{2BCCB75A-D179-4DB4-9B50-BF6F501B5CAE}"
	ProjectSection(ProjectDependencies) = postProject
		{2DF8165C-EDE2-4F76-8D2C-2FFE82CB6CE5} = {2DF8165C-EDE2-4F76-8D2C-2FFE82CB6CE5}
	EndProjectSection
EndProject
Project("{2150E333-8FDC-42A3-9474-1A3956D46DE8}") = "01_hello", "01_hello", "{27581685-409A-42E5-B518-E41813377816}"
	ProjectSection(SolutionItems) = preProject
		demo\01_hello\ReadMe.md = demo\01_hello\ReadMe.md
	EndProjectSection
EndProject
Project("{2150E333-8FDC-42A3-9474-1A3956D46DE8}") = "04_trace", "04_trace", "{957075CD-42E9-4EAF-B178-1872C68D43B8}"
	ProjectSection(SolutionItems) = preProject
		demo\04_trace\ReadMe.md = demo\04_trace\ReadMe.md
	EndProjectSection
EndProject
Project("{8BC9CEB8-8B4A-11D0-8D11-00A0C91BC942}") = "04_trace", "demo\04_trace\04_trace.vcxproj", "{18F81610-018F-4FE9-9B33-D2060E0F2CB6}"
	ProjectSection(ProjectDependencies) = postProject
		{2DF8165C-EDE2-4F76-8D2C-2FFE82CB6CE5} = {2DF8165C-EDE2-4F76-8D2C-2FFE82CB6CE5}
	EndProjectSection
EndProject
Project("{2150E333-8FDC-42A3-9474-1A3956D46DE8}") = "config", "config", "{B4586B8A-4E2A-491B-A3AB-057ED61A0CE2}"
	ProjectSection(SolutionItems) = preProject
		demo\04_trace\config\log.init = demo\04_trace\config\log.init
	EndProjectSection
EndProject
Project("{2150E333-8FDC-42A3-9474-1A3956D46DE8}") = "05_timer", "05_timer", "{5FC16CD7-A275-4328-9DB8-1F6379433D0E}"
	ProjectSection(SolutionItems) = preProject
		demo\05_timer\ReadMe.md = demo\05_timer\ReadMe.md
	EndProjectSection
EndProject
Project("{8BC9CEB8-8B4A-11D0-8D11-00A0C91BC942}") = "05_timer", "demo\05_timer\05_timer.vcxproj", "{09DBC624-4CBA-4345-B8F1-A2786F00A615}"
	ProjectSection(ProjectDependencies) = postProject
		{2DF8165C-EDE2-4F76-8D2C-2FFE82CB6CE5} = {2DF8165C-EDE2-4F76-8D2C-2FFE82CB6CE5}
	EndProjectSection
EndProject
Project("{2150E333-8FDC-42A3-9474-1A3956D46DE8}") = "10_locsvc", "10_locsvc", "{82237F97-3316-42C2-B3A3-9CE648FF3827}"
	ProjectSection(SolutionItems) = preProject
		demo\10_locsvc\ReadMe.md = demo\10_locsvc\ReadMe.md
	EndProjectSection
EndProject
Project("{2150E333-8FDC-42A3-9474-1A3956D46DE8}") = "res", "res", "{DBC94FEC-F883-48AC-95F9-F69F849FDF5D}"
	ProjectSection(SolutionItems) = preProject
		demo\10_locsvc\res\generate.bat = demo\10_locsvc\res\generate.bat
		demo\10_locsvc\res\generate.sh = demo\10_locsvc\res\generate.sh
		demo\10_locsvc\res\HelloWorld.siml = demo\10_locsvc\res\HelloWorld.siml
	EndProjectSection
EndProject
Project("{8BC9CEB8-8B4A-11D0-8D11-00A0C91BC942}") = "10_generated", "demo\10_locsvc\10_generated.vcxproj", "{4056956C-7E12-4432-86F8-D900A52866A4}"
EndProject
Project("{8BC9CEB8-8B4A-11D0-8D11-00A0C91BC942}") = "10_locservice", "demo\10_locsvc\10_locservice.vcxproj", "{8273239C-C5A8-4752-9DFC-E1678222C36E}"
	ProjectSection(ProjectDependencies) = postProject
		{2DF8165C-EDE2-4F76-8D2C-2FFE82CB6CE5} = {2DF8165C-EDE2-4F76-8D2C-2FFE82CB6CE5}
		{4056956C-7E12-4432-86F8-D900A52866A4} = {4056956C-7E12-4432-86F8-D900A52866A4}
	EndProjectSection
EndProject
Project("{2150E333-8FDC-42A3-9474-1A3956D46DE8}") = "12_pubsvc", "12_pubsvc", "{B5CD9EED-D480-4B05-BD56-9589DA358BBB}"
	ProjectSection(SolutionItems) = preProject
		demo\12_pubsvc\ReadMe.md = demo\12_pubsvc\ReadMe.md
	EndProjectSection
EndProject
Project("{8BC9CEB8-8B4A-11D0-8D11-00A0C91BC942}") = "12_generated", "demo\12_pubsvc\12_generated.vcxproj", "{CCBBF424-D22D-480F-A13E-28095E33827C}"
EndProject
Project("{8BC9CEB8-8B4A-11D0-8D11-00A0C91BC942}") = "12_pubclient", "demo\12_pubsvc\12_pubclient.vcxproj", "{C6AEF053-AA0C-46A8-A2F2-4330021D2DE2}"
	ProjectSection(ProjectDependencies) = postProject
		{2DF8165C-EDE2-4F76-8D2C-2FFE82CB6CE5} = {2DF8165C-EDE2-4F76-8D2C-2FFE82CB6CE5}
		{CCBBF424-D22D-480F-A13E-28095E33827C} = {CCBBF424-D22D-480F-A13E-28095E33827C}
	EndProjectSection
EndProject
Project("{8BC9CEB8-8B4A-11D0-8D11-00A0C91BC942}") = "12_pubservice", "demo\12_pubsvc\12_pubservice.vcxproj", "{D20E2DBD-4224-479D-9608-5BC062A48BE4}"
	ProjectSection(ProjectDependencies) = postProject
		{2DF8165C-EDE2-4F76-8D2C-2FFE82CB6CE5} = {2DF8165C-EDE2-4F76-8D2C-2FFE82CB6CE5}
		{CCBBF424-D22D-480F-A13E-28095E33827C} = {CCBBF424-D22D-480F-A13E-28095E33827C}
	EndProjectSection
EndProject
Project("{2150E333-8FDC-42A3-9474-1A3956D46DE8}") = "res", "res", "{03CC6121-1D59-42A6-A4A6-8D02320FC68C}"
	ProjectSection(SolutionItems) = preProject
		demo\12_pubsvc\res\generate.bat = demo\12_pubsvc\res\generate.bat
		demo\12_pubsvc\res\generate.sh = demo\12_pubsvc\res\generate.sh
		demo\12_pubsvc\res\HelloWorld.siml = demo\12_pubsvc\res\HelloWorld.siml
	EndProjectSection
EndProject
Project("{2150E333-8FDC-42A3-9474-1A3956D46DE8}") = "16_pubfsm", "16_pubfsm", "{4084D9D2-8320-4435-9415-575DD9F223C1}"
	ProjectSection(SolutionItems) = preProject
		demo\16_pubfsm\ReadMe.md = demo\16_pubfsm\ReadMe.md
	EndProjectSection
EndProject
Project("{2150E333-8FDC-42A3-9474-1A3956D46DE8}") = "res", "res", "{5035421A-FEEA-4408-8677-AE22AC332534}"
	ProjectSection(SolutionItems) = preProject
		demo\16_pubfsm\res\generate.bat = demo\16_pubfsm\res\generate.bat
		demo\16_pubfsm\res\generate.sh = demo\16_pubfsm\res\generate.sh
		demo\16_pubfsm\res\PowerManager.siml = demo\16_pubfsm\res\PowerManager.siml
		demo\16_pubfsm\res\TrafficController.siml = demo\16_pubfsm\res\TrafficController.siml
	EndProjectSection
EndProject
Project("{8BC9CEB8-8B4A-11D0-8D11-00A0C91BC942}") = "16_generated", "demo\16_pubfsm\16_generated.vcxproj", "{AA7F1615-AF3B-465F-A2CE-6A9AD1786F8B}"
EndProject
Project("{8BC9CEB8-8B4A-11D0-8D11-00A0C91BC942}") = "16_pubclient", "demo\16_pubfsm\16_pubclient.vcxproj", "{C23BA253-475E-49DD-A92E-616C2A93831A}"
	ProjectSection(ProjectDependencies) = postProject
		{2DF8165C-EDE2-4F76-8D2C-2FFE82CB6CE5} = {2DF8165C-EDE2-4F76-8D2C-2FFE82CB6CE5}
		{AA7F1615-AF3B-465F-A2CE-6A9AD1786F8B} = {AA7F1615-AF3B-465F-A2CE-6A9AD1786F8B}
	EndProjectSection
EndProject
Project("{8BC9CEB8-8B4A-11D0-8D11-00A0C91BC942}") = "16_pubservice", "demo\16_pubfsm\16_pubservice.vcxproj", "{57693047-C0E4-4183-91B5-8BCAB76F1B7D}"
	ProjectSection(ProjectDependencies) = postProject
		{2DF8165C-EDE2-4F76-8D2C-2FFE82CB6CE5} = {2DF8165C-EDE2-4F76-8D2C-2FFE82CB6CE5}
		{AA7F1615-AF3B-465F-A2CE-6A9AD1786F8B} = {AA7F1615-AF3B-465F-A2CE-6A9AD1786F8B}
	EndProjectSection
EndProject
Project("{2150E333-8FDC-42A3-9474-1A3956D46DE8}") = "17_winchat", "17_winchat", "{EA97D95F-2CB5-4FD2-910B-D04D163784C2}"
EndProject
Project("{8BC9CEB8-8B4A-11D0-8D11-00A0C91BC942}") = "17_generated", "demo\17_winchat\17_generated.vcxproj", "{BAD5F8A5-B916-4E76-8594-78B003C1155B}"
EndProject
Project("{8BC9CEB8-8B4A-11D0-8D11-00A0C91BC942}") = "17_chatter", "demo\17_winchat\17_chatter.vcxproj", "{DB6BDE22-DB74-49FD-AB01-8DB5FCEE16FD}"
	ProjectSection(ProjectDependencies) = postProject
		{2DF8165C-EDE2-4F76-8D2C-2FFE82CB6CE5} = {2DF8165C-EDE2-4F76-8D2C-2FFE82CB6CE5}
		{BAD5F8A5-B916-4E76-8594-78B003C1155B} = {BAD5F8A5-B916-4E76-8594-78B003C1155B}
	EndProjectSection
EndProject
Project("{8BC9CEB8-8B4A-11D0-8D11-00A0C91BC942}") = "17_register", "demo\17_winchat\17_register.vcxproj", "{B8884358-CC9D-41DB-A352-9EDA045DFD7A}"
	ProjectSection(ProjectDependencies) = postProject
		{2DF8165C-EDE2-4F76-8D2C-2FFE82CB6CE5} = {2DF8165C-EDE2-4F76-8D2C-2FFE82CB6CE5}
		{BAD5F8A5-B916-4E76-8594-78B003C1155B} = {BAD5F8A5-B916-4E76-8594-78B003C1155B}
	EndProjectSection
EndProject
Project("{2150E333-8FDC-42A3-9474-1A3956D46DE8}") = "res", "res", "{28EE69D7-C0E5-47F6-BB44-B159CABEBC7C}"
	ProjectSection(SolutionItems) = preProject
		demo\17_winchat\res\CentralMessager.siml = demo\17_winchat\res\CentralMessager.siml
		demo\17_winchat\res\ConnectionManager.siml = demo\17_winchat\res\ConnectionManager.siml
		demo\17_winchat\res\DirectConnection.siml = demo\17_winchat\res\DirectConnection.siml
		demo\17_winchat\res\DirectMessager.siml = demo\17_winchat\res\DirectMessager.siml
		demo\17_winchat\res\generate.bat = demo\17_winchat\res\generate.bat
		demo\17_winchat\res\generate.sh = demo\17_winchat\res\generate.sh
	EndProjectSection
EndProject
Project("{2150E333-8FDC-42A3-9474-1A3956D46DE8}") = "19_pubwatchdog", "19_pubwatchdog", "{C4BC3090-3AE8-4551-8BF9-2E5F07D33FD4}"
	ProjectSection(SolutionItems) = preProject
		demo\19_pubwatchdog\ReadMe.md = demo\19_pubwatchdog\ReadMe.md
	EndProjectSection
EndProject
Project("{8BC9CEB8-8B4A-11D0-8D11-00A0C91BC942}") = "19_generated", "demo\19_pubwatchdog\19_generated.vcxproj", "{F6570975-AE13-41EB-8465-066A6766C211}"
EndProject
Project("{8BC9CEB8-8B4A-11D0-8D11-00A0C91BC942}") = "19_pubclient", "demo\19_pubwatchdog\19_pubclient.vcxproj", "{7ECC4BF9-45A4-4774-869B-239E3B152E05}"
	ProjectSection(ProjectDependencies) = postProject
		{2DF8165C-EDE2-4F76-8D2C-2FFE82CB6CE5} = {2DF8165C-EDE2-4F76-8D2C-2FFE82CB6CE5}
		{F6570975-AE13-41EB-8465-066A6766C211} = {F6570975-AE13-41EB-8465-066A6766C211}
	EndProjectSection
EndProject
Project("{8BC9CEB8-8B4A-11D0-8D11-00A0C91BC942}") = "19_pubservice", "demo\19_pubwatchdog\19_pubservice.vcxproj", "{3A13DBD7-D3CA-4908-8B76-9F8AEB5EC81B}"
	ProjectSection(ProjectDependencies) = postProject
		{2DF8165C-EDE2-4F76-8D2C-2FFE82CB6CE5} = {2DF8165C-EDE2-4F76-8D2C-2FFE82CB6CE5}
		{F6570975-AE13-41EB-8465-066A6766C211} = {F6570975-AE13-41EB-8465-066A6766C211}
	EndProjectSection
EndProject
Project("{2150E333-8FDC-42A3-9474-1A3956D46DE8}") = "res", "res", "{6CE6DE7D-D9A7-4AD9-BBDF-FB6E9D957D09}"
	ProjectSection(SolutionItems) = preProject
		demo\19_pubwatchdog\res\generate.bat = demo\19_pubwatchdog\res\generate.bat
		demo\19_pubwatchdog\res\generate.sh = demo\19_pubwatchdog\res\generate.sh
		demo\19_pubwatchdog\res\HelloWatchdog.siml = demo\19_pubwatchdog\res\HelloWatchdog.siml
	EndProjectSection
EndProject
Project("{2150E333-8FDC-42A3-9474-1A3956D46DE8}") = "21_pubunblock", "21_pubunblock", "{3AD38633-31A2-4EC6-83AB-4DDE822B0288}"
	ProjectSection(SolutionItems) = preProject
		demo\21_pubunblock\ReadMe.md = demo\21_pubunblock\ReadMe.md
	EndProjectSection
EndProject
Project("{8BC9CEB8-8B4A-11D0-8D11-00A0C91BC942}") = "21_generated", "demo\21_pubunblock\21_generated.vcxproj", "{EB228067-EA4D-452C-91FC-91DB3B445C31}"
EndProject
Project("{8BC9CEB8-8B4A-11D0-8D11-00A0C91BC942}") = "21_pubclient", "demo\21_pubunblock\21_pubclient.vcxproj", "{A09D9D20-FBB8-4C1A-8628-3071AC7903DA}"
	ProjectSection(ProjectDependencies) = postProject
		{2DF8165C-EDE2-4F76-8D2C-2FFE82CB6CE5} = {2DF8165C-EDE2-4F76-8D2C-2FFE82CB6CE5}
		{EB228067-EA4D-452C-91FC-91DB3B445C31} = {EB228067-EA4D-452C-91FC-91DB3B445C31}
	EndProjectSection
EndProject
Project("{8BC9CEB8-8B4A-11D0-8D11-00A0C91BC942}") = "21_pubservice", "demo\21_pubunblock\21_pubservice.vcxproj", "{D89AC0DB-DFF2-4F15-8A26-63D51EDABB57}"
	ProjectSection(ProjectDependencies) = postProject
		{2DF8165C-EDE2-4F76-8D2C-2FFE82CB6CE5} = {2DF8165C-EDE2-4F76-8D2C-2FFE82CB6CE5}
		{EB228067-EA4D-452C-91FC-91DB3B445C31} = {EB228067-EA4D-452C-91FC-91DB3B445C31}
	EndProjectSection
EndProject
Project("{2150E333-8FDC-42A3-9474-1A3956D46DE8}") = "res", "res", "{6331D531-782F-46A2-8E8D-5750544B969E}"
	ProjectSection(SolutionItems) = preProject
		demo\21_pubunblock\res\generate.bat = demo\21_pubunblock\res\generate.bat
		demo\21_pubunblock\res\generate.sh = demo\21_pubunblock\res\generate.sh
		demo\21_pubunblock\res\HelloUnblock.siml = demo\21_pubunblock\res\HelloUnblock.siml
	EndProjectSection
EndProject
Global
	GlobalSection(SolutionConfigurationPlatforms) = preSolution
		Debug|x64 = Debug|x64
		Debug|Win32 = Debug|Win32
		Release|x64 = Release|x64
		Release|Win32 = Release|Win32
	EndGlobalSection
	GlobalSection(ProjectConfigurationPlatforms) = postSolution
		{2DF8165C-EDE2-4F76-8D2C-2FFE82CB6CE5}.Debug|x64.ActiveCfg = Debug|x64
		{2DF8165C-EDE2-4F76-8D2C-2FFE82CB6CE5}.Debug|x64.Build.0 = Debug|x64
		{2DF8165C-EDE2-4F76-8D2C-2FFE82CB6CE5}.Debug|Win32.ActiveCfg = Debug|Win32
		{2DF8165C-EDE2-4F76-8D2C-2FFE82CB6CE5}.Debug|Win32.Build.0 = Debug|Win32
		{2DF8165C-EDE2-4F76-8D2C-2FFE82CB6CE5}.Release|x64.ActiveCfg = Release|x64
		{2DF8165C-EDE2-4F76-8D2C-2FFE82CB6CE5}.Release|x64.Build.0 = Release|x64
		{2DF8165C-EDE2-4F76-8D2C-2FFE82CB6CE5}.Release|Win32.ActiveCfg = Release|Win32
		{2DF8165C-EDE2-4F76-8D2C-2FFE82CB6CE5}.Release|Win32.Build.0 = Release|Win32
		{A3E5EE71-6F14-43FD-A80F-C7791FD64E9E}.Debug|x64.ActiveCfg = Debug|x64
		{A3E5EE71-6F14-43FD-A80F-C7791FD64E9E}.Debug|x64.Build.0 = Debug|x64
		{A3E5EE71-6F14-43FD-A80F-C7791FD64E9E}.Debug|Win32.ActiveCfg = Debug|Win32
		{A3E5EE71-6F14-43FD-A80F-C7791FD64E9E}.Debug|Win32.Build.0 = Debug|Win32
		{A3E5EE71-6F14-43FD-A80F-C7791FD64E9E}.Release|x64.ActiveCfg = Release|x64
		{A3E5EE71-6F14-43FD-A80F-C7791FD64E9E}.Release|x64.Build.0 = Release|x64
		{A3E5EE71-6F14-43FD-A80F-C7791FD64E9E}.Release|Win32.ActiveCfg = Release|Win32
		{A3E5EE71-6F14-43FD-A80F-C7791FD64E9E}.Release|Win32.Build.0 = Release|Win32
		{24A4F250-C09B-40BF-A6F2-25BD8ABBED6F}.Debug|x64.ActiveCfg = Debug|x64
		{24A4F250-C09B-40BF-A6F2-25BD8ABBED6F}.Debug|x64.Build.0 = Debug|x64
		{24A4F250-C09B-40BF-A6F2-25BD8ABBED6F}.Debug|Win32.ActiveCfg = Debug|Win32
		{24A4F250-C09B-40BF-A6F2-25BD8ABBED6F}.Debug|Win32.Build.0 = Debug|Win32
		{24A4F250-C09B-40BF-A6F2-25BD8ABBED6F}.Release|x64.ActiveCfg = Release|x64
		{24A4F250-C09B-40BF-A6F2-25BD8ABBED6F}.Release|x64.Build.0 = Release|x64
		{24A4F250-C09B-40BF-A6F2-25BD8ABBED6F}.Release|Win32.ActiveCfg = Release|Win32
		{24A4F250-C09B-40BF-A6F2-25BD8ABBED6F}.Release|Win32.Build.0 = Release|Win32
		{2BCCB75A-D179-4DB4-9B50-BF6F501B5CAE}.Debug|x64.ActiveCfg = Debug|x64
		{2BCCB75A-D179-4DB4-9B50-BF6F501B5CAE}.Debug|x64.Build.0 = Debug|x64
		{2BCCB75A-D179-4DB4-9B50-BF6F501B5CAE}.Debug|Win32.ActiveCfg = Debug|Win32
		{2BCCB75A-D179-4DB4-9B50-BF6F501B5CAE}.Debug|Win32.Build.0 = Debug|Win32
		{2BCCB75A-D179-4DB4-9B50-BF6F501B5CAE}.Release|x64.ActiveCfg = Release|x64
		{2BCCB75A-D179-4DB4-9B50-BF6F501B5CAE}.Release|x64.Build.0 = Release|x64
		{2BCCB75A-D179-4DB4-9B50-BF6F501B5CAE}.Release|Win32.ActiveCfg = Release|Win32
		{2BCCB75A-D179-4DB4-9B50-BF6F501B5CAE}.Release|Win32.Build.0 = Release|Win32
		{18F81610-018F-4FE9-9B33-D2060E0F2CB6}.Debug|x64.ActiveCfg = Debug|x64
		{18F81610-018F-4FE9-9B33-D2060E0F2CB6}.Debug|x64.Build.0 = Debug|x64
		{18F81610-018F-4FE9-9B33-D2060E0F2CB6}.Debug|Win32.ActiveCfg = Debug|Win32
		{18F81610-018F-4FE9-9B33-D2060E0F2CB6}.Debug|Win32.Build.0 = Debug|Win32
		{18F81610-018F-4FE9-9B33-D2060E0F2CB6}.Release|x64.ActiveCfg = Release|x64
		{18F81610-018F-4FE9-9B33-D2060E0F2CB6}.Release|x64.Build.0 = Release|x64
		{18F81610-018F-4FE9-9B33-D2060E0F2CB6}.Release|Win32.ActiveCfg = Release|Win32
		{18F81610-018F-4FE9-9B33-D2060E0F2CB6}.Release|Win32.Build.0 = Release|Win32
		{09DBC624-4CBA-4345-B8F1-A2786F00A615}.Debug|x64.ActiveCfg = Debug|x64
		{09DBC624-4CBA-4345-B8F1-A2786F00A615}.Debug|x64.Build.0 = Debug|x64
		{09DBC624-4CBA-4345-B8F1-A2786F00A615}.Debug|Win32.ActiveCfg = Debug|Win32
		{09DBC624-4CBA-4345-B8F1-A2786F00A615}.Debug|Win32.Build.0 = Debug|Win32
		{09DBC624-4CBA-4345-B8F1-A2786F00A615}.Release|x64.ActiveCfg = Release|x64
		{09DBC624-4CBA-4345-B8F1-A2786F00A615}.Release|x64.Build.0 = Release|x64
		{09DBC624-4CBA-4345-B8F1-A2786F00A615}.Release|Win32.ActiveCfg = Release|Win32
		{09DBC624-4CBA-4345-B8F1-A2786F00A615}.Release|Win32.Build.0 = Release|Win32
		{4056956C-7E12-4432-86F8-D900A52866A4}.Debug|x64.ActiveCfg = Debug|x64
		{4056956C-7E12-4432-86F8-D900A52866A4}.Debug|x64.Build.0 = Debug|x64
		{4056956C-7E12-4432-86F8-D900A52866A4}.Debug|Win32.ActiveCfg = Debug|Win32
		{4056956C-7E12-4432-86F8-D900A52866A4}.Debug|Win32.Build.0 = Debug|Win32
		{4056956C-7E12-4432-86F8-D900A52866A4}.Release|x64.ActiveCfg = Release|x64
		{4056956C-7E12-4432-86F8-D900A52866A4}.Release|x64.Build.0 = Release|x64
		{4056956C-7E12-4432-86F8-D900A52866A4}.Release|Win32.ActiveCfg = Release|Win32
		{4056956C-7E12-4432-86F8-D900A52866A4}.Release|Win32.Build.0 = Release|Win32
		{8273239C-C5A8-4752-9DFC-E1678222C36E}.Debug|x64.ActiveCfg = Debug|x64
		{8273239C-C5A8-4752-9DFC-E1678222C36E}.Debug|x64.Build.0 = Debug|x64
		{8273239C-C5A8-4752-9DFC-E1678222C36E}.Debug|Win32.ActiveCfg = Debug|Win32
		{8273239C-C5A8-4752-9DFC-E1678222C36E}.Debug|Win32.Build.0 = Debug|Win32
		{8273239C-C5A8-4752-9DFC-E1678222C36E}.Release|x64.ActiveCfg = Release|x64
		{8273239C-C5A8-4752-9DFC-E1678222C36E}.Release|x64.Build.0 = Release|x64
		{8273239C-C5A8-4752-9DFC-E1678222C36E}.Release|Win32.ActiveCfg = Release|Win32
		{8273239C-C5A8-4752-9DFC-E1678222C36E}.Release|Win32.Build.0 = Release|Win32
		{CCBBF424-D22D-480F-A13E-28095E33827C}.Debug|x64.ActiveCfg = Debug|x64
		{CCBBF424-D22D-480F-A13E-28095E33827C}.Debug|x64.Build.0 = Debug|x64
		{CCBBF424-D22D-480F-A13E-28095E33827C}.Debug|Win32.ActiveCfg = Debug|Win32
		{CCBBF424-D22D-480F-A13E-28095E33827C}.Debug|Win32.Build.0 = Debug|Win32
		{CCBBF424-D22D-480F-A13E-28095E33827C}.Release|x64.ActiveCfg = Release|x64
		{CCBBF424-D22D-480F-A13E-28095E33827C}.Release|x64.Build.0 = Release|x64
		{CCBBF424-D22D-480F-A13E-28095E33827C}.Release|Win32.ActiveCfg = Release|Win32
		{CCBBF424-D22D-480F-A13E-28095E33827C}.Release|Win32.Build.0 = Release|Win32
		{C6AEF053-AA0C-46A8-A2F2-4330021D2DE2}.Debug|x64.ActiveCfg = Debug|x64
		{C6AEF053-AA0C-46A8-A2F2-4330021D2DE2}.Debug|x64.Build.0 = Debug|x64
		{C6AEF053-AA0C-46A8-A2F2-4330021D2DE2}.Debug|Win32.ActiveCfg = Debug|Win32
		{C6AEF053-AA0C-46A8-A2F2-4330021D2DE2}.Debug|Win32.Build.0 = Debug|Win32
		{C6AEF053-AA0C-46A8-A2F2-4330021D2DE2}.Release|x64.ActiveCfg = Release|x64
		{C6AEF053-AA0C-46A8-A2F2-4330021D2DE2}.Release|x64.Build.0 = Release|x64
		{C6AEF053-AA0C-46A8-A2F2-4330021D2DE2}.Release|Win32.ActiveCfg = Release|Win32
		{C6AEF053-AA0C-46A8-A2F2-4330021D2DE2}.Release|Win32.Build.0 = Release|Win32
		{D20E2DBD-4224-479D-9608-5BC062A48BE4}.Debug|x64.ActiveCfg = Debug|x64
		{D20E2DBD-4224-479D-9608-5BC062A48BE4}.Debug|x64.Build.0 = Debug|x64
		{D20E2DBD-4224-479D-9608-5BC062A48BE4}.Debug|Win32.ActiveCfg = Debug|Win32
		{D20E2DBD-4224-479D-9608-5BC062A48BE4}.Debug|Win32.Build.0 = Debug|Win32
		{D20E2DBD-4224-479D-9608-5BC062A48BE4}.Release|x64.ActiveCfg = Release|x64
		{D20E2DBD-4224-479D-9608-5BC062A48BE4}.Release|x64.Build.0 = Release|x64
		{D20E2DBD-4224-479D-9608-5BC062A48BE4}.Release|Win32.ActiveCfg = Release|Win32
		{D20E2DBD-4224-479D-9608-5BC062A48BE4}.Release|Win32.Build.0 = Release|Win32
		{AA7F1615-AF3B-465F-A2CE-6A9AD1786F8B}.Debug|x64.ActiveCfg = Debug|x64
		{AA7F1615-AF3B-465F-A2CE-6A9AD1786F8B}.Debug|x64.Build.0 = Debug|x64
		{AA7F1615-AF3B-465F-A2CE-6A9AD1786F8B}.Debug|Win32.ActiveCfg = Debug|Win32
		{AA7F1615-AF3B-465F-A2CE-6A9AD1786F8B}.Debug|Win32.Build.0 = Debug|Win32
		{AA7F1615-AF3B-465F-A2CE-6A9AD1786F8B}.Release|x64.ActiveCfg = Release|x64
		{AA7F1615-AF3B-465F-A2CE-6A9AD1786F8B}.Release|x64.Build.0 = Release|x64
		{AA7F1615-AF3B-465F-A2CE-6A9AD1786F8B}.Release|Win32.ActiveCfg = Release|Win32
		{AA7F1615-AF3B-465F-A2CE-6A9AD1786F8B}.Release|Win32.Build.0 = Release|Win32
		{C23BA253-475E-49DD-A92E-616C2A93831A}.Debug|x64.ActiveCfg = Debug|x64
		{C23BA253-475E-49DD-A92E-616C2A93831A}.Debug|x64.Build.0 = Debug|x64
		{C23BA253-475E-49DD-A92E-616C2A93831A}.Debug|Win32.ActiveCfg = Debug|Win32
		{C23BA253-475E-49DD-A92E-616C2A93831A}.Debug|Win32.Build.0 = Debug|Win32
		{C23BA253-475E-49DD-A92E-616C2A93831A}.Release|x64.ActiveCfg = Release|x64
		{C23BA253-475E-49DD-A92E-616C2A93831A}.Release|x64.Build.0 = Release|x64
		{C23BA253-475E-49DD-A92E-616C2A93831A}.Release|Win32.ActiveCfg = Release|Win32
		{C23BA253-475E-49DD-A92E-616C2A93831A}.Release|Win32.Build.0 = Release|Win32
		{57693047-C0E4-4183-91B5-8BCAB76F1B7D}.Debug|x64.ActiveCfg = Debug|x64
		{57693047-C0E4-4183-91B5-8BCAB76F1B7D}.Debug|x64.Build.0 = Debug|x64
		{57693047-C0E4-4183-91B5-8BCAB76F1B7D}.Debug|Win32.ActiveCfg = Debug|Win32
		{57693047-C0E4-4183-91B5-8BCAB76F1B7D}.Debug|Win32.Build.0 = Debug|Win32
		{57693047-C0E4-4183-91B5-8BCAB76F1B7D}.Release|x64.ActiveCfg = Release|x64
		{57693047-C0E4-4183-91B5-8BCAB76F1B7D}.Release|x64.Build.0 = Release|x64
		{57693047-C0E4-4183-91B5-8BCAB76F1B7D}.Release|Win32.ActiveCfg = Release|Win32
		{57693047-C0E4-4183-91B5-8BCAB76F1B7D}.Release|Win32.Build.0 = Release|Win32
		{BAD5F8A5-B916-4E76-8594-78B003C1155B}.Debug|x64.ActiveCfg = Debug|x64
		{BAD5F8A5-B916-4E76-8594-78B003C1155B}.Debug|x64.Build.0 = Debug|x64
		{BAD5F8A5-B916-4E76-8594-78B003C1155B}.Debug|Win32.ActiveCfg = Debug|Win32
		{BAD5F8A5-B916-4E76-8594-78B003C1155B}.Debug|Win32.Build.0 = Debug|Win32
		{BAD5F8A5-B916-4E76-8594-78B003C1155B}.Release|x64.ActiveCfg = Release|x64
		{BAD5F8A5-B916-4E76-8594-78B003C1155B}.Release|x64.Build.0 = Release|x64
		{BAD5F8A5-B916-4E76-8594-78B003C1155B}.Release|Win32.ActiveCfg = Release|Win32
		{BAD5F8A5-B916-4E76-8594-78B003C1155B}.Release|Win32.Build.0 = Release|Win32
		{DB6BDE22-DB74-49FD-AB01-8DB5FCEE16FD}.Debug|x64.ActiveCfg = Debug|x64
		{DB6BDE22-DB74-49FD-AB01-8DB5FCEE16FD}.Debug|x64.Build.0 = Debug|x64
		{DB6BDE22-DB74-49FD-AB01-8DB5FCEE16FD}.Debug|Win32.ActiveCfg = Debug|Win32
		{DB6BDE22-DB74-49FD-AB01-8DB5FCEE16FD}.Debug|Win32.Build.0 = Debug|Win32
		{DB6BDE22-DB74-49FD-AB01-8DB5FCEE16FD}.Release|x64.ActiveCfg = Release|x64
		{DB6BDE22-DB74-49FD-AB01-8DB5FCEE16FD}.Release|x64.Build.0 = Release|x64
		{DB6BDE22-DB74-49FD-AB01-8DB5FCEE16FD}.Release|Win32.ActiveCfg = Release|Win32
		{DB6BDE22-DB74-49FD-AB01-8DB5FCEE16FD}.Release|Win32.Build.0 = Release|Win32
		{B8884358-CC9D-41DB-A352-9EDA045DFD7A}.Debug|x64.ActiveCfg = Debug|x64
		{B8884358-CC9D-41DB-A352-9EDA045DFD7A}.Debug|x64.Build.0 = Debug|x64
		{B8884358-CC9D-41DB-A352-9EDA045DFD7A}.Debug|Win32.ActiveCfg = Debug|Win32
		{B8884358-CC9D-41DB-A352-9EDA045DFD7A}.Debug|Win32.Build.0 = Debug|Win32
		{B8884358-CC9D-41DB-A352-9EDA045DFD7A}.Release|x64.ActiveCfg = Release|x64
		{B8884358-CC9D-41DB-A352-9EDA045DFD7A}.Release|x64.Build.0 = Release|x64
		{B8884358-CC9D-41DB-A352-9EDA045DFD7A}.Release|Win32.ActiveCfg = Release|Win32
		{B8884358-CC9D-41DB-A352-9EDA045DFD7A}.Release|Win32.Build.0 = Release|Win32
		{F6570975-AE13-41EB-8465-066A6766C211}.Debug|x64.ActiveCfg = Debug|x64
		{F6570975-AE13-41EB-8465-066A6766C211}.Debug|x64.Build.0 = Debug|x64
		{F6570975-AE13-41EB-8465-066A6766C211}.Debug|Win32.ActiveCfg = Debug|Win32
		{F6570975-AE13-41EB-8465-066A6766C211}.Debug|Win32.Build.0 = Debug|Win32
		{F6570975-AE13-41EB-8465-066A6766C211}.Release|x64.ActiveCfg = Release|x64
		{F6570975-AE13-41EB-8465-066A6766C211}.Release|x64.Build.0 = Release|x64
		{F6570975-AE13-41EB-8465-066A6766C211}.Release|Win32.ActiveCfg = Release|Win32
		{F6570975-AE13-41EB-8465-066A6766C211}.Release|Win32.Build.0 = Release|Win32
		{7ECC4BF9-45A4-4774-869B-239E3B152E05}.Debug|x64.ActiveCfg = Debug|x64
		{7ECC4BF9-45A4-4774-869B-239E3B152E05}.Debug|x64.Build.0 = Debug|x64
		{7ECC4BF9-45A4-4774-869B-239E3B152E05}.Debug|Win32.ActiveCfg = Debug|Win32
		{7ECC4BF9-45A4-4774-869B-239E3B152E05}.Debug|Win32.Build.0 = Debug|Win32
		{7ECC4BF9-45A4-4774-869B-239E3B152E05}.Release|x64.ActiveCfg = Release|x64
		{7ECC4BF9-45A4-4774-869B-239E3B152E05}.Release|x64.Build.0 = Release|x64
		{7ECC4BF9-45A4-4774-869B-239E3B152E05}.Release|Win32.ActiveCfg = Release|Win32
		{7ECC4BF9-45A4-4774-869B-239E3B152E05}.Release|Win32.Build.0 = Release|Win32
		{3A13DBD7-D3CA-4908-8B76-9F8AEB5EC81B}.Debug|x64.ActiveCfg = Debug|x64
		{3A13DBD7-D3CA-4908-8B76-9F8AEB5EC81B}.Debug|x64.Build.0 = Debug|x64
		{3A13DBD7-D3CA-4908-8B76-9F8AEB5EC81B}.Debug|Win32.ActiveCfg = Debug|Win32
		{3A13DBD7-D3CA-4908-8B76-9F8AEB5EC81B}.Debug|Win32.Build.0 = Debug|Win32
		{3A13DBD7-D3CA-4908-8B76-9F8AEB5EC81B}.Release|x64.ActiveCfg = Release|x64
		{3A13DBD7-D3CA-4908-8B76-9F8AEB5EC81B}.Release|x64.Build.0 = Release|x64
		{3A13DBD7-D3CA-4908-8B76-9F8AEB5EC81B}.Release|Win32.ActiveCfg = Release|Win32
		{3A13DBD7-D3CA-4908-8B76-9F8AEB5EC81B}.Release|Win32.Build.0 = Release|Win32
		{EB228067-EA4D-452C-91FC-91DB3B445C31}.Debug|x64.ActiveCfg = Debug|x64
		{EB228067-EA4D-452C-91FC-91DB3B445C31}.Debug|x64.Build.0 = Debug|x64
		{EB228067-EA4D-452C-91FC-91DB3B445C31}.Debug|Win32.ActiveCfg = Debug|Win32
		{EB228067-EA4D-452C-91FC-91DB3B445C31}.Debug|Win32.Build.0 = Debug|Win32
		{EB228067-EA4D-452C-91FC-91DB3B445C31}.Release|x64.ActiveCfg = Release|x64
		{EB228067-EA4D-452C-91FC-91DB3B445C31}.Release|x64.Build.0 = Release|x64
		{EB228067-EA4D-452C-91FC-91DB3B445C31}.Release|Win32.ActiveCfg = Release|Win32
		{EB228067-EA4D-452C-91FC-91DB3B445C31}.Release|Win32.Build.0 = Release|Win32
		{A09D9D20-FBB8-4C1A-8628-3071AC7903DA}.Debug|x64.ActiveCfg = Debug|x64
		{A09D9D20-FBB8-4C1A-8628-3071AC7903DA}.Debug|x64.Build.0 = Debug|x64
		{A09D9D20-FBB8-4C1A-8628-3071AC7903DA}.Debug|Win32.ActiveCfg = Debug|Win32
		{A09D9D20-FBB8-4C1A-8628-3071AC7903DA}.Debug|Win32.Build.0 = Debug|Win32
		{A09D9D20-FBB8-4C1A-8628-3071AC7903DA}.Release|x64.ActiveCfg = Release|x64
		{A09D9D20-FBB8-4C1A-8628-3071AC7903DA}.Release|x64.Build.0 = Release|x64
		{A09D9D20-FBB8-4C1A-8628-3071AC7903DA}.Release|Win32.ActiveCfg = Release|Win32
		{A09D9D20-FBB8-4C1A-8628-3071AC7903DA}.Release|Win32.Build.0 = Release|Win32
		{D89AC0DB-DFF2-4F15-8A26-63D51EDABB57}.Debug|x64.ActiveCfg = Debug|x64
		{D89AC0DB-DFF2-4F15-8A26-63D51EDABB57}.Debug|x64.Build.0 = Debug|x64
		{D89AC0DB-DFF2-4F15-8A26-63D51EDABB57}.Debug|Win32.ActiveCfg = Debug|Win32
		{D89AC0DB-DFF2-4F15-8A26-63D51EDABB57}.Debug|Win32.Build.0 = Debug|Win32
		{D89AC0DB-DFF2-4F15-8A26-63D51EDABB57}.Release|x64.ActiveCfg = Release|x64
		{D89AC0DB-DFF2-4F15-8A26-63D51EDABB57}.Release|x64.Build.0 = Release|x64
		{D89AC0DB-DFF2-4F15-8A26-63D51EDABB57}.Release|Win32.ActiveCfg = Release|Win32
		{D89AC0DB-DFF2-4F15-8A26-63D51EDABB57}.Release|Win32.Build.0 = Release|Win32
	EndGlobalSection
	GlobalSection(SolutionProperties) = preSolution
		HideSolutionNode = FALSE
	EndGlobalSection
	GlobalSection(NestedProjects) = preSolution
		{2DF8165C-EDE2-4F76-8D2C-2FFE82CB6CE5} = {0D45AC13-CA3A-467A-8CEB-254B023BABC1}
		{A3E5EE71-6F14-43FD-A80F-C7791FD64E9E} = {0D45AC13-CA3A-467A-8CEB-254B023BABC1}
		{24A4F250-C09B-40BF-A6F2-25BD8ABBED6F} = {0D45AC13-CA3A-467A-8CEB-254B023BABC1}
		{2BCCB75A-D179-4DB4-9B50-BF6F501B5CAE} = {27581685-409A-42E5-B518-E41813377816}
		{27581685-409A-42E5-B518-E41813377816} = {290F262F-2ABF-4B0C-A63A-557E44D0AD5A}
		{957075CD-42E9-4EAF-B178-1872C68D43B8} = {290F262F-2ABF-4B0C-A63A-557E44D0AD5A}
		{18F81610-018F-4FE9-9B33-D2060E0F2CB6} = {957075CD-42E9-4EAF-B178-1872C68D43B8}
		{B4586B8A-4E2A-491B-A3AB-057ED61A0CE2} = {957075CD-42E9-4EAF-B178-1872C68D43B8}
		{5FC16CD7-A275-4328-9DB8-1F6379433D0E} = {290F262F-2ABF-4B0C-A63A-557E44D0AD5A}
		{09DBC624-4CBA-4345-B8F1-A2786F00A615} = {5FC16CD7-A275-4328-9DB8-1F6379433D0E}
		{82237F97-3316-42C2-B3A3-9CE648FF3827} = {290F262F-2ABF-4B0C-A63A-557E44D0AD5A}
		{DBC94FEC-F883-48AC-95F9-F69F849FDF5D} = {82237F97-3316-42C2-B3A3-9CE648FF3827}
		{4056956C-7E12-4432-86F8-D900A52866A4} = {82237F97-3316-42C2-B3A3-9CE648FF3827}
		{8273239C-C5A8-4752-9DFC-E1678222C36E} = {82237F97-3316-42C2-B3A3-9CE648FF3827}
		{B5CD9EED-D480-4B05-BD56-9589DA358BBB} = {290F262F-2ABF-4B0C-A63A-557E44D0AD5A}
		{CCBBF424-D22D-480F-A13E-28095E33827C} = {B5CD9EED-D480-4B05-BD56-9589DA358BBB}
		{C6AEF053-AA0C-46A8-A2F2-4330021D2DE2} = {B5CD9EED-D480-4B05-BD56-9589DA358BBB}
		{D20E2DBD-4224-479D-9608-5BC062A48BE4} = {B5CD9EED-D480-4B05-BD56-9589DA358BBB}
		{03CC6121-1D59-42A6-A4A6-8D02320FC68C} = {B5CD9EED-D480-4B05-BD56-9589DA358BBB}
		{4084D9D2-8320-4435-9415-575DD9F223C1} = {290F262F-2ABF-4B0C-A63A-557E44D0AD5A}
		{5035421A-FEEA-4408-8677-AE22AC332534} = {4084D9D2-8320-4435-9415-575DD9F223C1}
		{AA7F1615-AF3B-465F-A2CE-6A9AD1786F8B} = {4084D9D2-8320-4435-9415-575DD9F223C1}
		{C23BA253-475E-49DD-A92E-616C2A93831A} = {4084D9D2-8320-4435-9415-575DD9F223C1}
		{57693047-C0E4-4183-91B5-8BCAB76F1B7D} = {4084D9D2-8320-4435-9415-575DD9F223C1}
		{EA97D95F-2CB5-4FD2-910B-D04D163784C2} = {290F262F-2ABF-4B0C-A63A-557E44D0AD5A}
		{BAD5F8A5-B916-4E76-8594-78B003C1155B} = {EA97D95F-2CB5-4FD2-910B-D04D163784C2}
		{DB6BDE22-DB74-49FD-AB01-8DB5FCEE16FD} = {EA97D95F-2CB5-4FD2-910B-D04D163784C2}
		{B8884358-CC9D-41DB-A352-9EDA045DFD7A} = {EA97D95F-2CB5-4FD2-910B-D04D163784C2}
		{28EE69D7-C0E5-47F6-BB44-B159CABEBC7C} = {EA97D95F-2CB5-4FD2-910B-D04D163784C2}
		{C4BC3090-3AE8-4551-8BF9-2E5F07D33FD4} = {290F262F-2ABF-4B0C-A63A-557E44D0AD5A}
		{F6570975-AE13-41EB-8465-066A6766C211} = {C4BC3090-3AE8-4551-8BF9-2E5F07D33FD4}
		{7ECC4BF9-45A4-4774-869B-239E3B152E05} = {C4BC3090-3AE8-4551-8BF9-2E5F07D33FD4}
		{3A13DBD7-D3CA-4908-8B76-9F8AEB5EC81B} = {C4BC3090-3AE8-4551-8BF9-2E5F07D33FD4}
		{6CE6DE7D-D9A7-4AD9-BBDF-FB6E9D957D09} = {C4BC3090-3AE8-4551-8BF9-2E5F07D33FD4}
		{3AD38633-31A2-4EC6-83AB-4DDE822B0288} = {290F262F-2ABF-4B0C-A63A-557E44D0AD5A}
		{EB228067-EA4D-452C-91FC-91DB3B445C31} = {3AD38633-31A2-4EC6-83AB-4DDE822B0288}
		{A09D9D20-FBB8-4C1A-8628-3071AC7903DA} = {3AD38633-31A2-4EC6-83AB-4DDE822B0288}
		{D89AC0DB-DFF2-4F15-8A26-63D51EDABB57} = {3AD38633-31A2-4EC6-83AB-4DDE822B0288}
		{6331D531-782F-46A2-8E8D-5750544B969E} = {3AD38633-31A2-4EC6-83AB-4DDE822B0288}
	EndGlobalSection
	GlobalSection(ExtensibilityGlobals) = postSolution
		SolutionGuid = {1034084F-74DD-4B33-86E3-D8038C748F48}
	EndGlobalSection
EndGlobal
